
Microsoft Visual Studio Solution File, Format Version 12.00
# Visual Studio Version 17
VisualStudioVersion = 17.13.35507.96 d17.13
MinimumVisualStudioVersion = 10.0.40219.1
Project("{FAE04EC0-301F-11D3-BF4B-00C04F79EFBC}") = "B&M", "B&M.csproj", "{392639E4-991A-4C10-9239-1604B2DCD5BA}"
EndProject
Global
	GlobalSection(SolutionConfigurationPlatforms) = preSolution
		Debug|Any CPU = Debug|Any CPU
		Release|Any CPU = Release|Any CPU
	EndGlobalSection
	GlobalSection(ProjectConfigurationPlatforms) = postSolution
		{392639E4-991A-4C10-9239-1604B2DCD5BA}.Debug|Any CPU.ActiveCfg = Debug|Any CPU
		{392639E4-991A-4C10-9239-1604B2DCD5BA}.Debug|Any CPU.Build.0 = Debug|Any CPU
		{392639E4-991A-4C10-9239-1604B2DCD5BA}.Release|Any CPU.ActiveCfg = Release|Any CPU
		{392639E4-991A-4C10-9239-1604B2DCD5BA}.Release|Any CPU.Build.0 = Release|Any CPU
	EndGlobalSection
	GlobalSection(SolutionProperties) = preSolution
		HideSolutionNode = FALSE
	EndGlobalSection
	GlobalSection(ExtensibilityGlobals) = postSolution
		SolutionGuid = {824411E7-FEEB-4E1F-BF3F-65D7C7A94EC7}
	EndGlobalSection
EndGlobal
